{
  "name": "legacy-node-app",
  "version": "1.0.0",
  "lockfileVersion": 3,
  "requires": true,
  "packages": {
    "": {
      "name": "legacy-node-app",
      "version": "1.0.0",
      "dependencies": {
        "pg": "7.18.2"
      },
      "engines": {
        "node": "14"
      }
    },
    "node_modules/pg": {
      "version": "7.18.2",
      "resolved": "https://registry.npmjs.org/pg/-/pg-7.18.2.tgz",
      "integrity": "fixture"
    }
  }
}
